<Solution>
  <Configurations>
    <Platform Name="x64" />
    <Platform Name="x86" />
  </Configurations>
  <Project Path="01.00-MyBubbleSort/01.00-MyBubbleSort.vcxproj" Id="fe9f56f0-8285-4cb0-a661-62b0811d4817" />
  <Project Path="MergeSort/MergeSort.vcxproj" Id="12a8aba1-7d4a-4913-89bd-80fadbd636b2" />
  <Project Path="QuickSort/QuickSort.vcxproj" Id="dd802f41-8323-4bf8-9047-26d8704c8203" />
  <Project Path="SelectionSort/SelectionSort.vcxproj" Id="374e787f-0a53-4511-b537-bc31e416f211" />
</Solution>
